{
  "version": 4,
  "terraform_version": "1.0.3",
  "serial": 21,
  "lineage": "1e559e49-eb90-8687-4d8f-7ed3ced37239",
  "outputs": {
    "vm_id": {
      "value": "/subscriptions/062fdbc1-1a3a-4245-847b-b5484a551848/resourceGroups/my_terraform_rg/providers/Microsoft.Compute/virtualMachines/linuxvm019",
      "type": "string"
    },
    "vm_ip": {
      "value": "20.101.51.60",
      "type": "string"
    }
  },
  "resources": [
    {
      "mode": "managed",
      "type": "azurerm_linux_virtual_machine",
      "name": "linuxvm",
      "provider": "provider[\"registry.terraform.io/hashicorp/azurerm\"]",
      "instances": [
        {
          "schema_version": 0,
          "attributes": {
            "additional_capabilities": [],
            "admin_password": "Password12345",
            "admin_ssh_key": [
              {
                "public_key": "ssh-rsa AAAAB3NzaC1yc2EAAAADAQABAAACAQDL/F2UaxCHYHmp+LcFgP5xHp+HyUGG8npmkUNvHCuFf8oxYNguL+jgJbcCktDHOVe+O0Nctg5j8dA3dtpRX7SPZ6CbCaSRVzVRz+N1CnHrXpdZlkIxuzCeCZS/yZxKJkUk/sCV6hd7UCmjwF4KOxRnVCMAFhPytoNCC6wXu/dRjuEqYiCl1TmE/YTzP8K/eUFtLecRI2L0a8bN/jUhUDKzE35B84UtV6hyTTMD2Gk9IzzsVT79UTlHm1w1mXNf2u4msRQv9MhCw8L0VKwU1B1nLsspya54o286JooL5iuusrNGXXHUqFUXGGPunxprtifpOfhNx/uJMWkkckHZYAGeSBb+qfe+1GsUC3unLq12ZsrrJAESJxha/7ubi17zqjGLcSPWsGu/FLArlSS4OUc+HX3xIz++XS7Z8521K4bf0RQA4t6T/Okea9tcu2OUW13BreZZhu5MI4yInrTbIz90gc3MFnxPyDBk/0+Sukbrktt1cNkqpUQExGoIpXUNHcI1tkJq9w1wzY/8zSQwA13ut3Db/ea6EH9fAd/4NocgZJrfHjpSwc7YFnCnHHpfjud39kCudgA90AcoR3V1al2KRXMdBjv+lj+4DvSPs4XcFzzA+9jkMPhHTky8oKrRYqq5EgHpjOKQ9ktJq0mJLs5ZKaj9tBv/Lu0mIZ/FvJnrCQ==\n",
                "username": "azureuser"
              }
            ],
            "admin_username": "azureuser",
            "allow_extension_operations": true,
            "availability_set_id": "",
            "boot_diagnostics": [
              {
                "storage_account_uri": "https://diagf3626f1a971f7605.blob.core.windows.net/"
              }
            ],
            "computer_name": "myvm",
            "custom_data": null,
            "dedicated_host_id": "",
            "disable_password_authentication": true,
            "encryption_at_host_enabled": false,
            "eviction_policy": "",
            "extensions_time_budget": "PT1H30M",
            "id": "/subscriptions/062fdbc1-1a3a-4245-847b-b5484a551848/resourceGroups/my_terraform_rg/providers/Microsoft.Compute/virtualMachines/linuxvm019",
            "identity": [],
            "location": "westeurope",
            "max_bid_price": -1,
            "name": "linuxvm019",
            "network_interface_ids": [
              "/subscriptions/062fdbc1-1a3a-4245-847b-b5484a551848/resourceGroups/my_terraform_rg/providers/Microsoft.Network/networkInterfaces/nicprod019"
            ],
            "os_disk": [
              {
                "caching": "ReadWrite",
                "diff_disk_settings": [],
                "disk_encryption_set_id": "",
                "disk_size_gb": 30,
                "name": "myOsDisk",
                "storage_account_type": "Premium_LRS",
                "write_accelerator_enabled": false
              }
            ],
            "plan": [],
            "priority": "Regular",
            "private_ip_address": "10.0.1.4",
            "private_ip_addresses": [
              "10.0.1.4"
            ],
            "provision_vm_agent": true,
            "proximity_placement_group_id": "",
            "public_ip_address": "20.101.51.60",
            "public_ip_addresses": [
              "20.101.51.60"
            ],
            "resource_group_name": "my_terraform_rg",
            "secret": [],
            "size": "Standard_DS1_v2",
            "source_image_id": "",
            "source_image_reference": [
              {
                "offer": "UbuntuServer",
                "publisher": "Canonical",
                "sku": "18.04-LTS",
                "version": "latest"
              }
            ],
            "tags": {
              "environment": "production"
            },
            "timeouts": null,
            "virtual_machine_id": "e8cc34d5-e288-43af-9f16-674ba72c2289",
            "virtual_machine_scale_set_id": "",
            "zone": ""
          },
          "sensitive_attributes": [],
          "private": "eyJlMmJmYjczMC1lY2FhLTExZTYtOGY4OC0zNDM2M2JjN2M0YzAiOnsiY3JlYXRlIjoyNzAwMDAwMDAwMDAwLCJkZWxldGUiOjI3MDAwMDAwMDAwMDAsInJlYWQiOjMwMDAwMDAwMDAwMCwidXBkYXRlIjoyNzAwMDAwMDAwMDAwfX0=",
          "dependencies": [
            "azurerm_public_ip.public_ip",
            "azurerm_resource_group.rg",
            "azurerm_storage_account.storage",
            "azurerm_subnet.subnet",
            "azurerm_virtual_network.vnet",
            "random_id.randomId",
            "tls_private_key.example_ssh",
            "azurerm_network_interface.nic"
          ]
        }
      ]
    },
    {
      "mode": "managed",
      "type": "azurerm_managed_disk",
      "name": "example",
      "provider": "provider[\"registry.terraform.io/hashicorp/azurerm\"]",
      "instances": [
        {
          "schema_version": 0,
          "attributes": {
            "create_option": "Empty",
            "disk_encryption_set_id": "",
            "disk_iops_read_write": 500,
            "disk_mbps_read_write": 60,
            "disk_size_gb": 10,
            "encryption_settings": [],
            "id": "/subscriptions/062fdbc1-1a3a-4245-847b-b5484a551848/resourceGroups/tfvmex-resources/providers/Microsoft.Compute/disks/linuxvm019-disk1",
            "image_reference_id": "",
            "location": "westeurope",
            "name": "linuxvm019-disk1",
            "os_type": "",
            "resource_group_name": "tfvmex-resources",
            "source_resource_id": "",
            "source_uri": "",
            "storage_account_id": "",
            "storage_account_type": "Standard_LRS",
            "tags": {},
            "timeouts": null,
            "zones": []
          },
          "sensitive_attributes": [],
          "private": "eyJlMmJmYjczMC1lY2FhLTExZTYtOGY4OC0zNDM2M2JjN2M0YzAiOnsiY3JlYXRlIjoxODAwMDAwMDAwMDAwLCJkZWxldGUiOjE4MDAwMDAwMDAwMDAsInJlYWQiOjMwMDAwMDAwMDAwMCwidXBkYXRlIjoxODAwMDAwMDAwMDAwfX0=",
          "dependencies": [
            "azurerm_resource_group.main"
          ]
        }
      ]
    },
    {
      "mode": "managed",
      "type": "azurerm_network_interface",
      "name": "main",
      "provider": "provider[\"registry.terraform.io/hashicorp/azurerm\"]",
      "instances": [
        {
          "schema_version": 0,
          "attributes": {
            "applied_dns_servers": [],
            "dns_servers": [],
            "enable_accelerated_networking": false,
            "enable_ip_forwarding": false,
            "id": "/subscriptions/062fdbc1-1a3a-4245-847b-b5484a551848/resourceGroups/tfvmex-resources/providers/Microsoft.Network/networkInterfaces/tfvmex-nic",
            "internal_dns_name_label": "",
            "internal_domain_name_suffix": "wfmuxsra5rlejglibw3ljyirbb.ax.internal.cloudapp.net",
            "ip_configuration": [
              {
                "name": "testconfiguration1",
                "primary": true,
                "private_ip_address": "10.0.2.4",
                "private_ip_address_allocation": "Dynamic",
                "private_ip_address_version": "IPv4",
                "public_ip_address_id": "",
                "subnet_id": "/subscriptions/062fdbc1-1a3a-4245-847b-b5484a551848/resourceGroups/tfvmex-resources/providers/Microsoft.Network/virtualNetworks/tfvmex-network/subnets/internal"
              }
            ],
            "location": "westeurope",
            "mac_address": "00-0D-3A-BC-66-1C",
            "name": "tfvmex-nic",
            "private_ip_address": "10.0.2.4",
            "private_ip_addresses": [
              "10.0.2.4"
            ],
            "resource_group_name": "tfvmex-resources",
            "tags": {},
            "timeouts": null,
            "virtual_machine_id": "/subscriptions/062fdbc1-1a3a-4245-847b-b5484a551848/resourceGroups/tfvmex-resources/providers/Microsoft.Compute/virtualMachines/linuxvm019"
          },
          "sensitive_attributes": [],
          "private": "eyJlMmJmYjczMC1lY2FhLTExZTYtOGY4OC0zNDM2M2JjN2M0YzAiOnsiY3JlYXRlIjoxODAwMDAwMDAwMDAwLCJkZWxldGUiOjE4MDAwMDAwMDAwMDAsInJlYWQiOjMwMDAwMDAwMDAwMCwidXBkYXRlIjoxODAwMDAwMDAwMDAwfX0=",
          "dependencies": [
            "azurerm_resource_group.main",
            "azurerm_subnet.internal",
            "azurerm_virtual_network.main"
          ]
        }
      ]
    },
    {
      "mode": "managed",
      "type": "azurerm_network_interface",
      "name": "nic",
      "provider": "provider[\"registry.terraform.io/hashicorp/azurerm\"]",
      "instances": [
        {
          "schema_version": 0,
          "attributes": {
            "applied_dns_servers": [],
            "dns_servers": [],
            "enable_accelerated_networking": false,
            "enable_ip_forwarding": false,
            "id": "/subscriptions/062fdbc1-1a3a-4245-847b-b5484a551848/resourceGroups/my_terraform_rg/providers/Microsoft.Network/networkInterfaces/nicprod019",
            "internal_dns_name_label": "",
            "internal_domain_name_suffix": "zjtnkhcrp0gevfgtbfr2awdqth.ax.internal.cloudapp.net",
            "ip_configuration": [
              {
                "name": "myNicConfiguration",
                "primary": true,
                "private_ip_address": "10.0.1.4",
                "private_ip_address_allocation": "Dynamic",
                "private_ip_address_version": "IPv4",
                "public_ip_address_id": "/subscriptions/062fdbc1-1a3a-4245-847b-b5484a551848/resourceGroups/my_terraform_rg/providers/Microsoft.Network/publicIPAddresses/publicip019",
                "subnet_id": "/subscriptions/062fdbc1-1a3a-4245-847b-b5484a551848/resourceGroups/my_terraform_rg/providers/Microsoft.Network/virtualNetworks/vnetprod019/subnets/subnet019"
              }
            ],
            "location": "westeurope",
            "mac_address": "00-22-48-82-6B-83",
            "name": "nicprod019",
            "private_ip_address": "10.0.1.4",
            "private_ip_addresses": [
              "10.0.1.4"
            ],
            "resource_group_name": "my_terraform_rg",
            "tags": {
              "environment": "production"
            },
            "timeouts": null,
            "virtual_machine_id": "/subscriptions/062fdbc1-1a3a-4245-847b-b5484a551848/resourceGroups/my_terraform_rg/providers/Microsoft.Compute/virtualMachines/linuxvm019"
          },
          "sensitive_attributes": [],
          "private": "eyJlMmJmYjczMC1lY2FhLTExZTYtOGY4OC0zNDM2M2JjN2M0YzAiOnsiY3JlYXRlIjoxODAwMDAwMDAwMDAwLCJkZWxldGUiOjE4MDAwMDAwMDAwMDAsInJlYWQiOjMwMDAwMDAwMDAwMCwidXBkYXRlIjoxODAwMDAwMDAwMDAwfX0=",
          "dependencies": [
            "azurerm_subnet.subnet",
            "azurerm_virtual_network.vnet",
            "azurerm_public_ip.public_ip",
            "azurerm_resource_group.rg"
          ]
        }
      ]
    },
    {
      "mode": "managed",
      "type": "azurerm_network_interface_security_group_association",
      "name": "association",
      "provider": "provider[\"registry.terraform.io/hashicorp/azurerm\"]",
      "instances": [
        {
          "schema_version": 0,
          "attributes": {
            "id": "/subscriptions/062fdbc1-1a3a-4245-847b-b5484a551848/resourceGroups/my_terraform_rg/providers/Microsoft.Network/networkInterfaces/nicprod019|/subscriptions/062fdbc1-1a3a-4245-847b-b5484a551848/resourceGroups/my_terraform_rg/providers/Microsoft.Network/networkSecurityGroups/nsgprod019",
            "network_interface_id": "/subscriptions/062fdbc1-1a3a-4245-847b-b5484a551848/resourceGroups/my_terraform_rg/providers/Microsoft.Network/networkInterfaces/nicprod019",
            "network_security_group_id": "/subscriptions/062fdbc1-1a3a-4245-847b-b5484a551848/resourceGroups/my_terraform_rg/providers/Microsoft.Network/networkSecurityGroups/nsgprod019",
            "timeouts": null
          },
          "sensitive_attributes": [],
          "private": "eyJlMmJmYjczMC1lY2FhLTExZTYtOGY4OC0zNDM2M2JjN2M0YzAiOnsiY3JlYXRlIjoxODAwMDAwMDAwMDAwLCJkZWxldGUiOjE4MDAwMDAwMDAwMDAsInJlYWQiOjMwMDAwMDAwMDAwMCwidXBkYXRlIjoxODAwMDAwMDAwMDAwfX0=",
          "dependencies": [
            "azurerm_resource_group.rg",
            "azurerm_subnet.subnet",
            "azurerm_virtual_network.vnet",
            "azurerm_network_interface.nic",
            "azurerm_network_security_group.nsg",
            "azurerm_public_ip.public_ip"
          ]
        }
      ]
    },
    {
      "mode": "managed",
      "type": "azurerm_network_security_group",
      "name": "nsg",
      "provider": "provider[\"registry.terraform.io/hashicorp/azurerm\"]",
      "instances": [
        {
          "schema_version": 0,
          "attributes": {
            "id": "/subscriptions/062fdbc1-1a3a-4245-847b-b5484a551848/resourceGroups/my_terraform_rg/providers/Microsoft.Network/networkSecurityGroups/nsgprod019",
            "location": "westeurope",
            "name": "nsgprod019",
            "resource_group_name": "my_terraform_rg",
            "security_rule": [
              {
                "access": "Allow",
                "description": "",
                "destination_address_prefix": "*",
                "destination_address_prefixes": [],
                "destination_application_security_group_ids": [],
                "destination_port_range": "22",
                "destination_port_ranges": [],
                "direction": "Inbound",
                "name": "SSH",
                "priority": 1001,
                "protocol": "Tcp",
                "source_address_prefix": "*",
                "source_address_prefixes": [],
                "source_application_security_group_ids": [],
                "source_port_range": "*",
                "source_port_ranges": []
              }
            ],
            "tags": {
              "environment": "production"
            },
            "timeouts": null
          },
          "sensitive_attributes": [],
          "private": "eyJlMmJmYjczMC1lY2FhLTExZTYtOGY4OC0zNDM2M2JjN2M0YzAiOnsiY3JlYXRlIjoxODAwMDAwMDAwMDAwLCJkZWxldGUiOjE4MDAwMDAwMDAwMDAsInJlYWQiOjMwMDAwMDAwMDAwMCwidXBkYXRlIjoxODAwMDAwMDAwMDAwfX0=",
          "dependencies": [
            "azurerm_resource_group.rg"
          ]
        }
      ]
    },
    {
      "mode": "managed",
      "type": "azurerm_public_ip",
      "name": "public_ip",
      "provider": "provider[\"registry.terraform.io/hashicorp/azurerm\"]",
      "instances": [
        {
          "schema_version": 0,
          "attributes": {
            "allocation_method": "Dynamic",
            "domain_name_label": null,
            "fqdn": null,
            "id": "/subscriptions/062fdbc1-1a3a-4245-847b-b5484a551848/resourceGroups/my_terraform_rg/providers/Microsoft.Network/publicIPAddresses/publicip019",
            "idle_timeout_in_minutes": 4,
            "ip_address": "20.101.51.60",
            "ip_version": "IPv4",
            "location": "westeurope",
            "name": "publicip019",
            "public_ip_prefix_id": null,
            "resource_group_name": "my_terraform_rg",
            "reverse_fqdn": null,
            "sku": "Basic",
            "tags": {
              "environment": "production"
            },
            "timeouts": null,
            "zones": []
          },
          "sensitive_attributes": [],
          "private": "eyJlMmJmYjczMC1lY2FhLTExZTYtOGY4OC0zNDM2M2JjN2M0YzAiOnsiY3JlYXRlIjoxODAwMDAwMDAwMDAwLCJkZWxldGUiOjE4MDAwMDAwMDAwMDAsInJlYWQiOjMwMDAwMDAwMDAwMCwidXBkYXRlIjoxODAwMDAwMDAwMDAwfX0=",
          "dependencies": [
            "azurerm_resource_group.rg"
          ]
        }
      ]
    },
    {
      "mode": "managed",
      "type": "azurerm_resource_group",
      "name": "main",
      "provider": "provider[\"registry.terraform.io/hashicorp/azurerm\"]",
      "instances": [
        {
          "schema_version": 0,
          "attributes": {
            "id": "/subscriptions/062fdbc1-1a3a-4245-847b-b5484a551848/resourceGroups/tfvmex-resources",
            "location": "westeurope",
            "name": "tfvmex-resources",
            "tags": {},
            "timeouts": null
          },
          "sensitive_attributes": [],
          "private": "eyJlMmJmYjczMC1lY2FhLTExZTYtOGY4OC0zNDM2M2JjN2M0YzAiOnsiY3JlYXRlIjo1NDAwMDAwMDAwMDAwLCJkZWxldGUiOjU0MDAwMDAwMDAwMDAsInJlYWQiOjMwMDAwMDAwMDAwMCwidXBkYXRlIjo1NDAwMDAwMDAwMDAwfX0="
        }
      ]
    },
    {
      "mode": "managed",
      "type": "azurerm_resource_group",
      "name": "rg",
      "provider": "provider[\"registry.terraform.io/hashicorp/azurerm\"]",
      "instances": [
        {
          "schema_version": 0,
          "attributes": {
            "id": "/subscriptions/062fdbc1-1a3a-4245-847b-b5484a551848/resourceGroups/my_terraform_rg",
            "location": "westeurope",
            "name": "my_terraform_rg",
            "tags": {
              "environment": "production"
            },
            "timeouts": null
          },
          "sensitive_attributes": [],
          "private": "eyJlMmJmYjczMC1lY2FhLTExZTYtOGY4OC0zNDM2M2JjN2M0YzAiOnsiY3JlYXRlIjo1NDAwMDAwMDAwMDAwLCJkZWxldGUiOjU0MDAwMDAwMDAwMDAsInJlYWQiOjMwMDAwMDAwMDAwMCwidXBkYXRlIjo1NDAwMDAwMDAwMDAwfX0="
        }
      ]
    },
    {
      "mode": "managed",
      "type": "azurerm_storage_account",
      "name": "storage",
      "provider": "provider[\"registry.terraform.io/hashicorp/azurerm\"]",
      "instances": [
        {
          "schema_version": 2,
          "attributes": {
            "access_tier": "Hot",
            "account_kind": "StorageV2",
            "account_replication_type": "LRS",
            "account_tier": "Standard",
            "allow_blob_public_access": false,
            "blob_properties": [],
            "custom_domain": [],
            "enable_https_traffic_only": true,
            "id": "/subscriptions/062fdbc1-1a3a-4245-847b-b5484a551848/resourceGroups/my_terraform_rg/providers/Microsoft.Storage/storageAccounts/diagf3626f1a971f7605",
            "identity": [],
            "is_hns_enabled": false,
            "large_file_share_enabled": null,
            "location": "westeurope",
            "min_tls_version": "TLS1_0",
            "name": "diagf3626f1a971f7605",
            "network_rules": [
              {
                "bypass": [
                  "AzureServices"
                ],
                "default_action": "Allow",
                "ip_rules": [],
                "virtual_network_subnet_ids": []
              }
            ],
            "primary_access_key": "OVeOQJETKG9N4NwaqXgXeNnn2MJ79n5DstxEcxhbh7rDVubf7S3nZpLxXwFPFTUGbBkofFXWXmrqGFn5UQ/g2g==",
            "primary_blob_connection_string": "DefaultEndpointsProtocol=https;BlobEndpoint=https://diagf3626f1a971f7605.blob.core.windows.net/;AccountName=diagf3626f1a971f7605;AccountKey=OVeOQJETKG9N4NwaqXgXeNnn2MJ79n5DstxEcxhbh7rDVubf7S3nZpLxXwFPFTUGbBkofFXWXmrqGFn5UQ/g2g==",
            "primary_blob_endpoint": "https://diagf3626f1a971f7605.blob.core.windows.net/",
            "primary_blob_host": "diagf3626f1a971f7605.blob.core.windows.net",
            "primary_connection_string": "DefaultEndpointsProtocol=https;AccountName=diagf3626f1a971f7605;AccountKey=OVeOQJETKG9N4NwaqXgXeNnn2MJ79n5DstxEcxhbh7rDVubf7S3nZpLxXwFPFTUGbBkofFXWXmrqGFn5UQ/g2g==;EndpointSuffix=core.windows.net",
            "primary_dfs_endpoint": "https://diagf3626f1a971f7605.dfs.core.windows.net/",
            "primary_dfs_host": "diagf3626f1a971f7605.dfs.core.windows.net",
            "primary_file_endpoint": "https://diagf3626f1a971f7605.file.core.windows.net/",
            "primary_file_host": "diagf3626f1a971f7605.file.core.windows.net",
            "primary_location": "westeurope",
            "primary_queue_endpoint": "https://diagf3626f1a971f7605.queue.core.windows.net/",
            "primary_queue_host": "diagf3626f1a971f7605.queue.core.windows.net",
            "primary_table_endpoint": "https://diagf3626f1a971f7605.table.core.windows.net/",
            "primary_table_host": "diagf3626f1a971f7605.table.core.windows.net",
            "primary_web_endpoint": "https://diagf3626f1a971f7605.z6.web.core.windows.net/",
            "primary_web_host": "diagf3626f1a971f7605.z6.web.core.windows.net",
            "queue_properties": [
              {
                "cors_rule": [],
                "hour_metrics": [
                  {
                    "enabled": true,
                    "include_apis": true,
                    "retention_policy_days": 7,
                    "version": "1.0"
                  }
                ],
                "logging": [
                  {
                    "delete": false,
                    "read": false,
                    "retention_policy_days": 0,
                    "version": "1.0",
                    "write": false
                  }
                ],
                "minute_metrics": [
                  {
                    "enabled": false,
                    "include_apis": false,
                    "retention_policy_days": 0,
                    "version": "1.0"
                  }
                ]
              }
            ],
            "resource_group_name": "my_terraform_rg",
            "secondary_access_key": "8LKG+jKhmT4i2qAY2hfovkouVxKNs6K9c/Wv8FjXt6ju47erv1ei06S/+38SXogj61Y+BE6VIwKcwJp7lzfyYg==",
            "secondary_blob_connection_string": "",
            "secondary_blob_endpoint": null,
            "secondary_blob_host": null,
            "secondary_connection_string": "DefaultEndpointsProtocol=https;AccountName=diagf3626f1a971f7605;AccountKey=8LKG+jKhmT4i2qAY2hfovkouVxKNs6K9c/Wv8FjXt6ju47erv1ei06S/+38SXogj61Y+BE6VIwKcwJp7lzfyYg==;EndpointSuffix=core.windows.net",
            "secondary_dfs_endpoint": null,
            "secondary_dfs_host": null,
            "secondary_file_endpoint": null,
            "secondary_file_host": null,
            "secondary_location": "",
            "secondary_queue_endpoint": null,
            "secondary_queue_host": null,
            "secondary_table_endpoint": null,
            "secondary_table_host": null,
            "secondary_web_endpoint": null,
            "secondary_web_host": null,
            "static_website": [],
            "tags": {
              "environment": "production"
            },
            "timeouts": null
          },
          "sensitive_attributes": [],
          "private": "eyJlMmJmYjczMC1lY2FhLTExZTYtOGY4OC0zNDM2M2JjN2M0YzAiOnsiY3JlYXRlIjozNjAwMDAwMDAwMDAwLCJkZWxldGUiOjM2MDAwMDAwMDAwMDAsInJlYWQiOjMwMDAwMDAwMDAwMCwidXBkYXRlIjozNjAwMDAwMDAwMDAwfSwic2NoZW1hX3ZlcnNpb24iOiIyIn0=",
          "dependencies": [
            "azurerm_resource_group.rg",
            "random_id.randomId"
          ]
        }
      ]
    },
    {
      "mode": "managed",
      "type": "azurerm_subnet",
      "name": "internal",
      "provider": "provider[\"registry.terraform.io/hashicorp/azurerm\"]",
      "instances": [
        {
          "schema_version": 0,
          "attributes": {
            "address_prefix": "10.0.2.0/24",
            "address_prefixes": [
              "10.0.2.0/24"
            ],
            "delegation": [],
            "enforce_private_link_endpoint_network_policies": false,
            "enforce_private_link_service_network_policies": false,
            "id": "/subscriptions/062fdbc1-1a3a-4245-847b-b5484a551848/resourceGroups/tfvmex-resources/providers/Microsoft.Network/virtualNetworks/tfvmex-network/subnets/internal",
            "name": "internal",
            "resource_group_name": "tfvmex-resources",
            "service_endpoints": [],
            "timeouts": null,
            "virtual_network_name": "tfvmex-network"
          },
          "sensitive_attributes": [],
          "private": "eyJlMmJmYjczMC1lY2FhLTExZTYtOGY4OC0zNDM2M2JjN2M0YzAiOnsiY3JlYXRlIjoxODAwMDAwMDAwMDAwLCJkZWxldGUiOjE4MDAwMDAwMDAwMDAsInJlYWQiOjMwMDAwMDAwMDAwMCwidXBkYXRlIjoxODAwMDAwMDAwMDAwfX0=",
          "dependencies": [
            "azurerm_virtual_network.main",
            "azurerm_resource_group.main"
          ]
        }
      ]
    },
    {
      "mode": "managed",
      "type": "azurerm_subnet",
      "name": "subnet",
      "provider": "provider[\"registry.terraform.io/hashicorp/azurerm\"]",
      "instances": [
        {
          "schema_version": 0,
          "attributes": {
            "address_prefix": "10.0.1.0/24",
            "address_prefixes": [
              "10.0.1.0/24"
            ],
            "delegation": [],
            "enforce_private_link_endpoint_network_policies": false,
            "enforce_private_link_service_network_policies": false,
            "id": "/subscriptions/062fdbc1-1a3a-4245-847b-b5484a551848/resourceGroups/my_terraform_rg/providers/Microsoft.Network/virtualNetworks/vnetprod019/subnets/subnet019",
            "name": "subnet019",
            "resource_group_name": "my_terraform_rg",
            "service_endpoints": [],
            "timeouts": null,
            "virtual_network_name": "vnetprod019"
          },
          "sensitive_attributes": [],
          "private": "eyJlMmJmYjczMC1lY2FhLTExZTYtOGY4OC0zNDM2M2JjN2M0YzAiOnsiY3JlYXRlIjoxODAwMDAwMDAwMDAwLCJkZWxldGUiOjE4MDAwMDAwMDAwMDAsInJlYWQiOjMwMDAwMDAwMDAwMCwidXBkYXRlIjoxODAwMDAwMDAwMDAwfX0=",
          "dependencies": [
            "azurerm_resource_group.rg",
            "azurerm_virtual_network.vnet"
          ]
        }
      ]
    },
    {
      "mode": "managed",
      "type": "azurerm_virtual_machine",
      "name": "example",
      "provider": "provider[\"registry.terraform.io/hashicorp/azurerm\"]",
      "instances": [
        {
          "schema_version": 0,
          "attributes": {
            "additional_capabilities": [],
            "availability_set_id": null,
            "boot_diagnostics": [],
            "delete_data_disks_on_termination": false,
            "delete_os_disk_on_termination": false,
            "id": "/subscriptions/062fdbc1-1a3a-4245-847b-b5484a551848/resourceGroups/tfvmex-resources/providers/Microsoft.Compute/virtualMachines/linuxvm019",
            "identity": [],
            "license_type": null,
            "location": "westeurope",
            "name": "linuxvm019",
            "network_interface_ids": [
              "/subscriptions/062fdbc1-1a3a-4245-847b-b5484a551848/resourceGroups/tfvmex-resources/providers/Microsoft.Network/networkInterfaces/tfvmex-nic"
            ],
            "os_profile": [
              {
                "admin_password": "",
                "admin_username": "testadmin",
                "computer_name": "linuxvm019",
                "custom_data": ""
              }
            ],
            "os_profile_linux_config": [
              {
                "disable_password_authentication": false,
                "ssh_keys": []
              }
            ],
            "os_profile_secrets": [],
            "os_profile_windows_config": [],
            "plan": [],
            "primary_network_interface_id": null,
            "proximity_placement_group_id": null,
            "resource_group_name": "tfvmex-resources",
            "storage_data_disk": [
              {
                "caching": "ReadWrite",
                "create_option": "Attach",
                "disk_size_gb": 10,
                "lun": 10,
                "managed_disk_id": "/subscriptions/062fdbc1-1a3a-4245-847b-b5484a551848/resourceGroups/tfvmex-resources/providers/Microsoft.Compute/disks/linuxvm019-disk1",
                "managed_disk_type": "Standard_LRS",
                "name": "linuxvm019-disk1",
                "vhd_uri": "",
                "write_accelerator_enabled": false
              }
            ],
            "storage_image_reference": [
              {
                "id": "",
                "offer": "UbuntuServer",
                "publisher": "Canonical",
                "sku": "16.04-LTS",
                "version": "latest"
              }
            ],
            "storage_os_disk": [
              {
                "caching": "ReadWrite",
                "create_option": "FromImage",
                "disk_size_gb": 30,
                "image_uri": "",
                "managed_disk_id": "/subscriptions/062fdbc1-1a3a-4245-847b-b5484a551848/resourceGroups/tfvmex-resources/providers/Microsoft.Compute/disks/myosdisk1",
                "managed_disk_type": "Standard_LRS",
                "name": "myosdisk1",
                "os_type": "Linux",
                "vhd_uri": "",
                "write_accelerator_enabled": false
              }
            ],
            "tags": {
              "environment": "staging"
            },
            "timeouts": null,
            "vm_size": "Standard_DS1_v2",
            "zones": []
          },
          "sensitive_attributes": [],
          "private": "eyJlMmJmYjczMC1lY2FhLTExZTYtOGY4OC0zNDM2M2JjN2M0YzAiOnsiY3JlYXRlIjozNjAwMDAwMDAwMDAwLCJkZWxldGUiOjM2MDAwMDAwMDAwMDAsInJlYWQiOjMwMDAwMDAwMDAwMCwidXBkYXRlIjozNjAwMDAwMDAwMDAwfX0=",
          "dependencies": [
            "azurerm_network_interface.main",
            "azurerm_resource_group.main",
            "azurerm_subnet.internal",
            "azurerm_virtual_network.main"
          ]
        }
      ]
    },
    {
      "mode": "managed",
      "type": "azurerm_virtual_machine_data_disk_attachment",
      "name": "example",
      "provider": "provider[\"registry.terraform.io/hashicorp/azurerm\"]",
      "instances": [
        {
          "schema_version": 0,
          "attributes": {
            "caching": "ReadWrite",
            "create_option": "Attach",
            "id": "/subscriptions/062fdbc1-1a3a-4245-847b-b5484a551848/resourceGroups/tfvmex-resources/providers/Microsoft.Compute/virtualMachines/linuxvm019/dataDisks/linuxvm019-disk1",
            "lun": 10,
            "managed_disk_id": "/subscriptions/062fdbc1-1a3a-4245-847b-b5484a551848/resourceGroups/tfvmex-resources/providers/Microsoft.Compute/disks/linuxvm019-disk1",
            "timeouts": null,
            "virtual_machine_id": "/subscriptions/062fdbc1-1a3a-4245-847b-b5484a551848/resourceGroups/tfvmex-resources/providers/Microsoft.Compute/virtualMachines/linuxvm019",
            "write_accelerator_enabled": false
          },
          "sensitive_attributes": [],
          "private": "eyJlMmJmYjczMC1lY2FhLTExZTYtOGY4OC0zNDM2M2JjN2M0YzAiOnsiY3JlYXRlIjoxODAwMDAwMDAwMDAwLCJkZWxldGUiOjE4MDAwMDAwMDAwMDAsInJlYWQiOjMwMDAwMDAwMDAwMCwidXBkYXRlIjoxODAwMDAwMDAwMDAwfX0=",
          "dependencies": [
            "azurerm_virtual_network.main",
            "azurerm_managed_disk.example",
            "azurerm_network_interface.main",
            "azurerm_resource_group.main",
            "azurerm_subnet.internal",
            "azurerm_virtual_machine.example"
          ]
        }
      ]
    },
    {
      "mode": "managed",
      "type": "azurerm_virtual_network",
      "name": "main",
      "provider": "provider[\"registry.terraform.io/hashicorp/azurerm\"]",
      "instances": [
        {
          "schema_version": 0,
          "attributes": {
            "address_space": [
              "10.0.0.0/16"
            ],
            "bgp_community": "",
            "ddos_protection_plan": [],
            "dns_servers": [],
            "guid": "ca4b59b1-fc20-4456-9968-0dbab4e11109",
            "id": "/subscriptions/062fdbc1-1a3a-4245-847b-b5484a551848/resourceGroups/tfvmex-resources/providers/Microsoft.Network/virtualNetworks/tfvmex-network",
            "location": "westeurope",
            "name": "tfvmex-network",
            "resource_group_name": "tfvmex-resources",
            "subnet": [
              {
                "address_prefix": "10.0.2.0/24",
                "id": "/subscriptions/062fdbc1-1a3a-4245-847b-b5484a551848/resourceGroups/tfvmex-resources/providers/Microsoft.Network/virtualNetworks/tfvmex-network/subnets/internal",
                "name": "internal",
                "security_group": ""
              }
            ],
            "tags": {},
            "timeouts": null,
            "vm_protection_enabled": false
          },
          "sensitive_attributes": [],
          "private": "eyJlMmJmYjczMC1lY2FhLTExZTYtOGY4OC0zNDM2M2JjN2M0YzAiOnsiY3JlYXRlIjoxODAwMDAwMDAwMDAwLCJkZWxldGUiOjE4MDAwMDAwMDAwMDAsInJlYWQiOjMwMDAwMDAwMDAwMCwidXBkYXRlIjoxODAwMDAwMDAwMDAwfX0=",
          "dependencies": [
            "azurerm_resource_group.main"
          ]
        }
      ]
    },
    {
      "mode": "managed",
      "type": "azurerm_virtual_network",
      "name": "vnet",
      "provider": "provider[\"registry.terraform.io/hashicorp/azurerm\"]",
      "instances": [
        {
          "schema_version": 0,
          "attributes": {
            "address_space": [
              "10.0.0.0/16"
            ],
            "bgp_community": "",
            "ddos_protection_plan": [],
            "dns_servers": [],
            "guid": "1cd566ca-7e51-4a8c-94d3-0963c058709f",
            "id": "/subscriptions/062fdbc1-1a3a-4245-847b-b5484a551848/resourceGroups/my_terraform_rg/providers/Microsoft.Network/virtualNetworks/vnetprod019",
            "location": "westeurope",
            "name": "vnetprod019",
            "resource_group_name": "my_terraform_rg",
            "subnet": [
              {
                "address_prefix": "10.0.1.0/24",
                "id": "/subscriptions/062fdbc1-1a3a-4245-847b-b5484a551848/resourceGroups/my_terraform_rg/providers/Microsoft.Network/virtualNetworks/vnetprod019/subnets/subnet019",
                "name": "subnet019",
                "security_group": ""
              }
            ],
            "tags": {
              "environment": "production"
            },
            "timeouts": null,
            "vm_protection_enabled": false
          },
          "sensitive_attributes": [],
          "private": "eyJlMmJmYjczMC1lY2FhLTExZTYtOGY4OC0zNDM2M2JjN2M0YzAiOnsiY3JlYXRlIjoxODAwMDAwMDAwMDAwLCJkZWxldGUiOjE4MDAwMDAwMDAwMDAsInJlYWQiOjMwMDAwMDAwMDAwMCwidXBkYXRlIjoxODAwMDAwMDAwMDAwfX0=",
          "dependencies": [
            "azurerm_resource_group.rg"
          ]
        }
      ]
    },
    {
      "mode": "managed",
      "type": "random_id",
      "name": "randomId",
      "provider": "provider[\"registry.terraform.io/hashicorp/random\"]",
      "instances": [
        {
          "schema_version": 0,
          "attributes": {
            "b64_std": "82JvGpcfdgU=",
            "b64_url": "82JvGpcfdgU",
            "byte_length": 8,
            "dec": "17537702058929387013",
            "hex": "f3626f1a971f7605",
            "id": "82JvGpcfdgU",
            "keepers": {
              "resource_group": "my_terraform_rg"
            },
            "prefix": null
          },
          "sensitive_attributes": [],
          "private": "bnVsbA==",
          "dependencies": [
            "azurerm_resource_group.rg"
          ]
        }
      ]
    },
    {
      "mode": "managed",
      "type": "tls_private_key",
      "name": "example_ssh",
      "provider": "provider[\"registry.terraform.io/hashicorp/tls\"]",
      "instances": [
        {
          "schema_version": 0,
          "attributes": {
            "algorithm": "RSA",
            "ecdsa_curve": "P224",
            "id": "9ac08a12f3ead7155195b03fa39cf924ec49a926",
            "private_key_pem": "-----BEGIN RSA PRIVATE KEY-----\nMIIJKQIBAAKCAgEAy/xdlGsQh2B5qfi3BYD+cR6fh8lBhvJ6ZpFDbxwrhX/KMWDY\nLi/o4CW3ApLQxzlXvjtDXLYOY/HQN3baUV+0j2egmwmkkVc1Uc/jdQpx616XWZZC\nMbswngmUv8mcSiZFJP7AleoXe1Apo8BeCjsUZ1QjABYT8raDQgusF7v3UY7hKmIg\npdU5hP2E8z/Cv3lBbS3nESNi9GvGzf41IVAysxN+QfOFLVeock0zA9hpPSM87FU+\n/VE5R5tcNZlzX9ruJrEUL/TIQsPC9FSsFNQdZy7LKcmueKNvOiaKC+YrrrKzRl1x\n1KhVFxhj7p8aa7Yn6Tn4Tcf7iTFpJHJB2WABnkgW/qn3vtRrFAt7py6tdmbK6yQB\nEicYWv+7m4te86oxi3Ej1rBrvxSwK5UkuDlHPh198SM/vl0u2fOdtSuG39EUAOLe\nk/zpHmvbXLtjlFtdwa3mWYbuTCOMiJ602yM/dIHNzBZ8T8gwZP9PkrpG65LbdXDZ\nKqVEBMRqCKV1DR3CNbZCavcNcM2P/M0kMANd7rdw2/3muhB/XwHf+DaHIGSa3x46\nUsHO2BZwpxx6X47nd/ZArnYAPdAHKEd1dWpdikVzHQY7/pY/uA70j7OF3Bc8wPvY\n5DD4R05MvKCq0WKquRIB6YzikPZLSatJiS7OWSmo/bQb/y7tJiGfxbyZ6wkCAwEA\nAQKCAgA7lUikXK2kTXrcOikDs40e76n7mL7KMzOrmAzRfLH9ubkOuVIME7R7HKkb\nWFUhjE9j4p2njAoiCXUfblkQ4dq09LkF8EggqA+MCSRQgK+L58JfybMmIZ5u2y+W\n4cYEJq+Vwc/xOkKHo3+2NC+D34PzNrFOiiRjhgpLFWu8Nwxjx09f+O++YMz/Wqol\n/17cXQfOY1UWPXbfHEgizXkpdOqKQkxj6UTiXLN4R7J6EhGTaSKXicLvbXVExE2n\n3l3EBwf/R0Q1SdPhJJtikQT+xIKeLB3t49pRpLONkcpK9X2W9t3E1PC2BEFukJJI\nFjM6eSepSWSNG7gOd99VZQZ0/0UZOBL4Unm1P8V/uZG9MtUAdHlGV3YaGUYwZVZD\nSWQP3yGP1gnVgPT2sHwtfWApLhSeIQydK3CwyH+RKXySxq+6fPiHrB+o/Ax6bJEd\nfyiJz1dmcSUXPNDOM9I24kjI9rYwYuQLOjXpqCzpqg8iP2XTkqMOzqB6mH/3yx4R\nzp6Yk1HXH8jU3Ou7aXpLjmNe7YjzdyIMBJ/bFTxyiRE1URpX5+xFAHFtGf2uOwEM\n/g/KRWc/5azns/fsPCmqaxFF9WwMDmnnDq5qHfcwb4UiidCOy8I/S5n9SPKNRGYP\nm2a/JiDw/T2serWlTR8lJE/KBV/DrbN4awJ0TxXPoTzYvIxlcQKCAQEA2C/L4dfw\nNyFddaZozeNfgvrU33PsigDcp1Cl4kyzqmsClGmv59fxVRxM+jqvpq97FkFEAA38\nyEFMjF0g+UB0uKWyGVvuhuXBGLwikPzltIGag/Jy4+xTfLQC1DotC906QQhbY1OB\nIyLHDQ/xnWM3jGmEf8agmSDKsOo13CzCbZfSxFf1Ud9gzqeDaRxN/UmkHSWftdUr\nSEqsAXx125bg0oV203UIryk8926JxLMgJ1/yXzcBhPYsRJwj3TMY4m07lngjCfpF\njEY1f37/K0QzNHQd3a8lDXqfRMjU2dlFOdLtxVkcyWxKLRNd6H3vNGLbbTeF1Wh4\nyrDRXvkXz1apbQKCAQEA8Y1aX5LONPEHra8sejIMK/bHE4GqVgKfZYBO2Y6n5ELq\n6yyoVLUG7On6lmYWc1sqckc5huD65WOIp7opuu1ns+RlfF7HRZwlKEfrph1U4VZi\nqqXPh4aJtstTzyoJjmbTmbx9+dIVuKMW60waL2j+HnRh69plchl161r0drY+Avqt\nz++BgqtnSsb5akAPDVDRWSkNTnL/YbwM/sK4VoeoXx3cMzOfexfcuFb3cTQPQkdM\n7fA8J7MuY5ubaeAi23CaExP9vEKszCx7jorQRNCi0tsayCFqsFMPdwJfxEXfRk1y\n0i4laIKle8vFCjVPlPK7YSuXsPsGvRx692oqsSLCjQKCAQEAmKkP2TiKifPGspjD\nc3h3bt+/yNdslntLVd9udKJjURll5fXH4Pktk0N73Evq09MhITMPWNaHxcXOz2PI\nMBrjEaz4Wk3/30SJGfVol2fusYu/2CMyHF87CVl4kfNO8gzT4S6MklRaYbxiQYgb\nv19bz4yHo09ZAykT2OBbDlKRLaDDliDivGD4VJYYBvaU4CLLgEWcRWP1v4PzeM0x\n0NH3itHyehov+rktMzDcmok/UG7BkZkfOow38G8uKDq3/NTT+kp1u8r+p7LAfnro\np93uJsFEgdH3YVBQ/dqv6/Iwn0ei3fQyjs4ohzIg41divmR8vOAzYuL2QXOhNebC\neIii9QKCAQEAlKzeXUks5uUcRsk1ZRj86OqB6f27bCk9Fup8nefyasrNcWcRTOIH\nmzcA6CV52BLa82/ndp9vjlVPPX2WRdnuJImF9aEYoj3TmRF7d8lB/1h+bm6UZ+Rl\nSz+nHDHRo/aic1PTbjri57xqVPWIgHntP61+v/6yxiHptK1NHuxZCthkt0HBwz3g\n2+PQjJdVLGr8EBb2e7zId82Zag1MDOZ+udzVNiamGMu9LTFKKEFUywS70xA01nKx\nMNoMNISir9KE4w1A9elMFneirT+/pTuNnJ8Dwv7efh0BvcyWSWaAYPM2oyuIFuWj\nGal4ZCogC5vDvbFpMqOvqCKphTOxh0nP2QKCAQB2jM2Xiug5/ctPVSsidYtWua4Z\nUSMKggEBHrNlcoSsxZ0QOk/YZP/WT2r5xf7F2jXQnLvXqBLV3RuXZSRwzwORIDjI\nGGfH++fALJyeTYc4Yv96CTLiQE3yu0MtlPyHpT7qeyulX2FSzd2mXzdManIfwAo4\nsO18DS4FyRsQQfRL2w61d+6prkuHsdJPocYUjGW55tAN31q2+5gDNGwGR0Evmvvd\nB9O5BHNMdUdCL0qQRutwTqp4OSajUrZNYOTBkofK3Jav7SPVvzD294YmPA9SqMTy\nf6JUE2lgAEY6qqZt8b2DX42MumSoyC2vDXMbOtdVUs8+p5+9ZSvNvehX77F9\n-----END RSA PRIVATE KEY-----\n",
            "public_key_fingerprint_md5": "cf:b8:52:26:0b:3f:f6:02:8e:8c:ff:9e:bf:c5:0a:4e",
            "public_key_openssh": "ssh-rsa AAAAB3NzaC1yc2EAAAADAQABAAACAQDL/F2UaxCHYHmp+LcFgP5xHp+HyUGG8npmkUNvHCuFf8oxYNguL+jgJbcCktDHOVe+O0Nctg5j8dA3dtpRX7SPZ6CbCaSRVzVRz+N1CnHrXpdZlkIxuzCeCZS/yZxKJkUk/sCV6hd7UCmjwF4KOxRnVCMAFhPytoNCC6wXu/dRjuEqYiCl1TmE/YTzP8K/eUFtLecRI2L0a8bN/jUhUDKzE35B84UtV6hyTTMD2Gk9IzzsVT79UTlHm1w1mXNf2u4msRQv9MhCw8L0VKwU1B1nLsspya54o286JooL5iuusrNGXXHUqFUXGGPunxprtifpOfhNx/uJMWkkckHZYAGeSBb+qfe+1GsUC3unLq12ZsrrJAESJxha/7ubi17zqjGLcSPWsGu/FLArlSS4OUc+HX3xIz++XS7Z8521K4bf0RQA4t6T/Okea9tcu2OUW13BreZZhu5MI4yInrTbIz90gc3MFnxPyDBk/0+Sukbrktt1cNkqpUQExGoIpXUNHcI1tkJq9w1wzY/8zSQwA13ut3Db/ea6EH9fAd/4NocgZJrfHjpSwc7YFnCnHHpfjud39kCudgA90AcoR3V1al2KRXMdBjv+lj+4DvSPs4XcFzzA+9jkMPhHTky8oKrRYqq5EgHpjOKQ9ktJq0mJLs5ZKaj9tBv/Lu0mIZ/FvJnrCQ==\n",
            "public_key_pem": "-----BEGIN PUBLIC KEY-----\nMIICIjANBgkqhkiG9w0BAQEFAAOCAg8AMIICCgKCAgEAy/xdlGsQh2B5qfi3BYD+\ncR6fh8lBhvJ6ZpFDbxwrhX/KMWDYLi/o4CW3ApLQxzlXvjtDXLYOY/HQN3baUV+0\nj2egmwmkkVc1Uc/jdQpx616XWZZCMbswngmUv8mcSiZFJP7AleoXe1Apo8BeCjsU\nZ1QjABYT8raDQgusF7v3UY7hKmIgpdU5hP2E8z/Cv3lBbS3nESNi9GvGzf41IVAy\nsxN+QfOFLVeock0zA9hpPSM87FU+/VE5R5tcNZlzX9ruJrEUL/TIQsPC9FSsFNQd\nZy7LKcmueKNvOiaKC+YrrrKzRl1x1KhVFxhj7p8aa7Yn6Tn4Tcf7iTFpJHJB2WAB\nnkgW/qn3vtRrFAt7py6tdmbK6yQBEicYWv+7m4te86oxi3Ej1rBrvxSwK5UkuDlH\nPh198SM/vl0u2fOdtSuG39EUAOLek/zpHmvbXLtjlFtdwa3mWYbuTCOMiJ602yM/\ndIHNzBZ8T8gwZP9PkrpG65LbdXDZKqVEBMRqCKV1DR3CNbZCavcNcM2P/M0kMANd\n7rdw2/3muhB/XwHf+DaHIGSa3x46UsHO2BZwpxx6X47nd/ZArnYAPdAHKEd1dWpd\nikVzHQY7/pY/uA70j7OF3Bc8wPvY5DD4R05MvKCq0WKquRIB6YzikPZLSatJiS7O\nWSmo/bQb/y7tJiGfxbyZ6wkCAwEAAQ==\n-----END PUBLIC KEY-----\n",
            "rsa_bits": 4096
          },
          "sensitive_attributes": [],
          "private": "bnVsbA=="
        }
      ]
    }
  ]
}
